
Microsoft Visual Studio Solution File, Format Version 12.00
# Visual Studio 14
VisualStudioVersion = 14.0.25420.1
MinimumVisualStudioVersion = 10.0.40219.1
Project("{FAE04EC0-301F-11D3-BF4B-00C04F79EFBC}") = "GetSubbedVideo", "GetSubbedVideo\GetSubbedVideo.csproj", "{97DF491E-D7FC-42B6-8E56-8052D1221736}"
	ProjectSection(ProjectDependencies) = postProject
		{AD4CA3B1-BCAE-486F-9971-E856F7F0F2E4} = {AD4CA3B1-BCAE-486F-9971-E856F7F0F2E4}
	EndProjectSection
EndProject
Project("{FAE04EC0-301F-11D3-BF4B-00C04F79EFBC}") = "TorrentClient", "TorrentClient\TorrentClient.csproj", "{AD4CA3B1-BCAE-486F-9971-E856F7F0F2E4}"
EndProject
Project("{FAE04EC0-301F-11D3-BF4B-00C04F79EFBC}") = "OSDBnet", "OSDBnet\OSDBnet.csproj", "{49C78F88-912B-49A2-935D-B9AEBE07011A}"
EndProject
Global
	GlobalSection(SolutionConfigurationPlatforms) = preSolution
		Debug|Any CPU = Debug|Any CPU
		Release|Any CPU = Release|Any CPU
	EndGlobalSection
	GlobalSection(ProjectConfigurationPlatforms) = postSolution
		{97DF491E-D7FC-42B6-8E56-8052D1221736}.Debug|Any CPU.ActiveCfg = Debug|Any CPU
		{97DF491E-D7FC-42B6-8E56-8052D1221736}.Debug|Any CPU.Build.0 = Debug|Any CPU
		{97DF491E-D7FC-42B6-8E56-8052D1221736}.Release|Any CPU.ActiveCfg = Release|Any CPU
		{97DF491E-D7FC-42B6-8E56-8052D1221736}.Release|Any CPU.Build.0 = Release|Any CPU
		{AD4CA3B1-BCAE-486F-9971-E856F7F0F2E4}.Debug|Any CPU.ActiveCfg = Debug|Any CPU
		{AD4CA3B1-BCAE-486F-9971-E856F7F0F2E4}.Debug|Any CPU.Build.0 = Debug|Any CPU
		{AD4CA3B1-BCAE-486F-9971-E856F7F0F2E4}.Release|Any CPU.ActiveCfg = Release|Any CPU
		{AD4CA3B1-BCAE-486F-9971-E856F7F0F2E4}.Release|Any CPU.Build.0 = Release|Any CPU
		{49C78F88-912B-49A2-935D-B9AEBE07011A}.Debug|Any CPU.ActiveCfg = Debug|Any CPU
		{49C78F88-912B-49A2-935D-B9AEBE07011A}.Debug|Any CPU.Build.0 = Debug|Any CPU
		{49C78F88-912B-49A2-935D-B9AEBE07011A}.Release|Any CPU.ActiveCfg = Release|Any CPU
		{49C78F88-912B-49A2-935D-B9AEBE07011A}.Release|Any CPU.Build.0 = Release|Any CPU
	EndGlobalSection
	GlobalSection(SolutionProperties) = preSolution
		HideSolutionNode = FALSE
	EndGlobalSection
EndGlobal
